
Microsoft Visual Studio Solution File, Format Version 12.00
Project("{FAE04EC0-301F-11D3-BF4B-00C04F79EFBC}") = "TeamSync.API", "TeamSync.API\TeamSync.API.csproj", "{7E851684-C159-40EC-89A4-99A93D779A8B}"
EndProject
Global
	GlobalSection(SolutionConfigurationPlatforms) = preSolution
		Debug|Any CPU = Debug|Any CPU
		Release|Any CPU = Release|Any CPU
	EndGlobalSection
	GlobalSection(ProjectConfigurationPlatforms) = postSolution
		{7E851684-C159-40EC-89A4-99A93D779A8B}.Debug|Any CPU.ActiveCfg = Debug|Any CPU
		{7E851684-C159-40EC-89A4-99A93D779A8B}.Debug|Any CPU.Build.0 = Debug|Any CPU
		{7E851684-C159-40EC-89A4-99A93D779A8B}.Release|Any CPU.ActiveCfg = Release|Any CPU
		{7E851684-C159-40EC-89A4-99A93D779A8B}.Release|Any CPU.Build.0 = Release|Any CPU
	EndGlobalSection
EndGlobal
